
Microsoft Visual Studio Solution File, Format Version 12.00
# Visual Studio Version 17
VisualStudioVersion = 17.5.002.0
MinimumVisualStudioVersion = 10.0.40219.1
Project("{9A19103F-16F7-4668-BE54-9A1E7A4F7556}") = "Echo", "Echo.csproj", "{66F4F223-540D-4699-BA70-2E093F23CBA6}"
EndProject
Global
	GlobalSection(SolutionConfigurationPlatforms) = preSolution
		Debug|Any CPU = Debug|Any CPU
		Release|Any CPU = Release|Any CPU
	EndGlobalSection
	GlobalSection(ProjectConfigurationPlatforms) = postSolution
		{66F4F223-540D-4699-BA70-2E093F23CBA6}.Debug|Any CPU.ActiveCfg = Debug|Any CPU
		{66F4F223-540D-4699-BA70-2E093F23CBA6}.Debug|Any CPU.Build.0 = Debug|Any CPU
		{66F4F223-540D-4699-BA70-2E093F23CBA6}.Release|Any CPU.ActiveCfg = Release|Any CPU
		{66F4F223-540D-4699-BA70-2E093F23CBA6}.Release|Any CPU.Build.0 = Release|Any CPU
	EndGlobalSection
	GlobalSection(SolutionProperties) = preSolution
		HideSolutionNode = FALSE
	EndGlobalSection
	GlobalSection(ExtensibilityGlobals) = postSolution
		SolutionGuid = {0D7A9564-EC0A-4519-A7E6-F9A95729AA25}
	EndGlobalSection
EndGlobal
